<?xml version="1.0" encoding="UTF-8" standalone="yes" ?>
<CodeBlocks_project_file>
   <FileVersion major="1" minor="6" />
   <Project>
      <Option title="mib_module" />
      <Option makefile_is_custom="1" />
      <Option compiler="gcc" />
      <Option virtualFolders="CMake Files\;" />
      <Build>
      <Target title="all">
         <Option working_dir="/home/hoel/Documents/VIVOE-project/openvivoe/mib_module" />
         <Option type="4" />
         <MakeCommands>
            <Build command="/usr/bin/make -f &quot;/home/hoel/Documents/VIVOE-project/openvivoe/mib_module/Makefile&quot;  VERBOSE=1 all" />
            <CompileFile command="/usr/bin/make -f &quot;/home/hoel/Documents/VIVOE-project/openvivoe/mib_module/Makefile&quot;  VERBOSE=1 &quot;$file&quot;" />
            <Clean command="/usr/bin/make -f &quot;/home/hoel/Documents/VIVOE-project/openvivoe/mib_module/Makefile&quot;  VERBOSE=1 clean" />
            <DistClean command="/usr/bin/make -f &quot;/home/hoel/Documents/VIVOE-project/openvivoe/mib_module/Makefile&quot;  VERBOSE=1 clean" />
         </MakeCommands>
      </Target>
      <Target title="edit_cache">
         <Option working_dir="/home/hoel/Documents/VIVOE-project/openvivoe/mib_module" />
         <Option type="4" />
         <MakeCommands>
            <Build command="/usr/bin/make -f &quot;/home/hoel/Documents/VIVOE-project/openvivoe/mib_module/Makefile&quot;  VERBOSE=1 edit_cache" />
            <CompileFile command="/usr/bin/make -f &quot;/home/hoel/Documents/VIVOE-project/openvivoe/mib_module/Makefile&quot;  VERBOSE=1 &quot;$file&quot;" />
            <Clean command="/usr/bin/make -f &quot;/home/hoel/Documents/VIVOE-project/openvivoe/mib_module/Makefile&quot;  VERBOSE=1 clean" />
            <DistClean command="/usr/bin/make -f &quot;/home/hoel/Documents/VIVOE-project/openvivoe/mib_module/Makefile&quot;  VERBOSE=1 clean" />
         </MakeCommands>
      </Target>
      <Target title="rebuild_cache">
         <Option working_dir="/home/hoel/Documents/VIVOE-project/openvivoe/mib_module" />
         <Option type="4" />
         <MakeCommands>
            <Build command="/usr/bin/make -f &quot;/home/hoel/Documents/VIVOE-project/openvivoe/mib_module/Makefile&quot;  VERBOSE=1 rebuild_cache" />
            <CompileFile command="/usr/bin/make -f &quot;/home/hoel/Documents/VIVOE-project/openvivoe/mib_module/Makefile&quot;  VERBOSE=1 &quot;$file&quot;" />
            <Clean command="/usr/bin/make -f &quot;/home/hoel/Documents/VIVOE-project/openvivoe/mib_module/Makefile&quot;  VERBOSE=1 clean" />
            <DistClean command="/usr/bin/make -f &quot;/home/hoel/Documents/VIVOE-project/openvivoe/mib_module/Makefile&quot;  VERBOSE=1 clean" />
         </MakeCommands>
      </Target>
      <Target title="mib_module">
         <Option output="/home/hoel/Documents/VIVOE-project/openvivoe/mib_module/bin/Debug/mib_module" prefix_auto="0" extension_auto="0" />
         <Option working_dir="/home/hoel/Documents/VIVOE-project/openvivoe/mib_module/bin/Debug" />
         <Option object_output="./" />
         <Option type="1" />
         <Option compiler="gcc" />
         <Compiler>
            <Add directory="/home/hoel/Documents/VIVOE-project/openvivoe/mib_module/mib_module/bin" />
            <Add directory="/home/hoel/Documents/VIVOE-project/openvivoe/mib_module/mib_module/include" />
            <Add directory="/home/hoel/Documents/VIVOE-project/openvivoe/mib_module/mib_module/src" />
            <Add directory="/usr/include" />
            <Add directory="/usr/lib/gcc/x86_64-unknown-linux-gnu/5.3.0/../../../../include/c++/5.3.0" />
            <Add directory="/usr/lib/gcc/x86_64-unknown-linux-gnu/5.3.0/../../../../include/c++/5.3.0/backward" />
            <Add directory="/usr/lib/gcc/x86_64-unknown-linux-gnu/5.3.0/../../../../include/c++/5.3.0/x86_64-unknown-linux-gnu" />
            <Add directory="/usr/lib/gcc/x86_64-unknown-linux-gnu/5.3.0/include" />
            <Add directory="/usr/lib/gcc/x86_64-unknown-linux-gnu/5.3.0/include-fixed" />
            <Add directory="/usr/local/include" />
         </Compiler>
         <MakeCommands>
            <Build command="/usr/bin/make -f &quot;/home/hoel/Documents/VIVOE-project/openvivoe/mib_module/Makefile&quot;  VERBOSE=1 mib_module" />
            <CompileFile command="/usr/bin/make -f &quot;/home/hoel/Documents/VIVOE-project/openvivoe/mib_module/Makefile&quot;  VERBOSE=1 &quot;$file&quot;" />
            <Clean command="/usr/bin/make -f &quot;/home/hoel/Documents/VIVOE-project/openvivoe/mib_module/Makefile&quot;  VERBOSE=1 clean" />
            <DistClean command="/usr/bin/make -f &quot;/home/hoel/Documents/VIVOE-project/openvivoe/mib_module/Makefile&quot;  VERBOSE=1 clean" />
         </MakeCommands>
      </Target>
      <Target title="mib_module/fast">
         <Option output="/home/hoel/Documents/VIVOE-project/openvivoe/mib_module/bin/Debug/mib_module" prefix_auto="0" extension_auto="0" />
         <Option working_dir="/home/hoel/Documents/VIVOE-project/openvivoe/mib_module/bin/Debug" />
         <Option object_output="./" />
         <Option type="1" />
         <Option compiler="gcc" />
         <Compiler>
            <Add directory="/home/hoel/Documents/VIVOE-project/openvivoe/mib_module/mib_module/bin" />
            <Add directory="/home/hoel/Documents/VIVOE-project/openvivoe/mib_module/mib_module/include" />
            <Add directory="/home/hoel/Documents/VIVOE-project/openvivoe/mib_module/mib_module/src" />
            <Add directory="/usr/include" />
            <Add directory="/usr/lib/gcc/x86_64-unknown-linux-gnu/5.3.0/../../../../include/c++/5.3.0" />
            <Add directory="/usr/lib/gcc/x86_64-unknown-linux-gnu/5.3.0/../../../../include/c++/5.3.0/backward" />
            <Add directory="/usr/lib/gcc/x86_64-unknown-linux-gnu/5.3.0/../../../../include/c++/5.3.0/x86_64-unknown-linux-gnu" />
            <Add directory="/usr/lib/gcc/x86_64-unknown-linux-gnu/5.3.0/include" />
            <Add directory="/usr/lib/gcc/x86_64-unknown-linux-gnu/5.3.0/include-fixed" />
            <Add directory="/usr/local/include" />
         </Compiler>
         <MakeCommands>
            <Build command="/usr/bin/make -f &quot;/home/hoel/Documents/VIVOE-project/openvivoe/mib_module/Makefile&quot;  VERBOSE=1 mib_module/fast" />
            <CompileFile command="/usr/bin/make -f &quot;/home/hoel/Documents/VIVOE-project/openvivoe/mib_module/Makefile&quot;  VERBOSE=1 &quot;$file&quot;" />
            <Clean command="/usr/bin/make -f &quot;/home/hoel/Documents/VIVOE-project/openvivoe/mib_module/Makefile&quot;  VERBOSE=1 clean" />
            <DistClean command="/usr/bin/make -f &quot;/home/hoel/Documents/VIVOE-project/openvivoe/mib_module/Makefile&quot;  VERBOSE=1 clean" />
         </MakeCommands>
      </Target>
      </Build>
      <Unit filename="/home/hoel/Documents/VIVOE-project/openvivoe/mib_module/include/deviceDesc.h">
         <Option target="mib_module"/>
      </Unit>
      <Unit filename="/home/hoel/Documents/VIVOE-project/openvivoe/mib_module/include/deviceFirmwareVersion.h">
         <Option target="mib_module"/>
      </Unit>
      <Unit filename="/home/hoel/Documents/VIVOE-project/openvivoe/mib_module/include/deviceHardwareVersion.h">
         <Option target="mib_module"/>
      </Unit>
      <Unit filename="/home/hoel/Documents/VIVOE-project/openvivoe/mib_module/include/deviceManufacturer.h">
         <Option target="mib_module"/>
      </Unit>
      <Unit filename="/home/hoel/Documents/VIVOE-project/openvivoe/mib_module/include/deviceMibVersion.h">
         <Option target="mib_module"/>
      </Unit>
      <Unit filename="/home/hoel/Documents/VIVOE-project/openvivoe/mib_module/include/deviceMode.h">
         <Option target="mib_module"/>
      </Unit>
      <Unit filename="/home/hoel/Documents/VIVOE-project/openvivoe/mib_module/include/deviceNatoStockNumber.h">
         <Option target="mib_module"/>
      </Unit>
      <Unit filename="/home/hoel/Documents/VIVOE-project/openvivoe/mib_module/include/devicePartNumber.h">
         <Option target="mib_module"/>
      </Unit>
      <Unit filename="/home/hoel/Documents/VIVOE-project/openvivoe/mib_module/include/deviceReset.h">
         <Option target="mib_module"/>
      </Unit>
      <Unit filename="/home/hoel/Documents/VIVOE-project/openvivoe/mib_module/include/deviceSerialNumber.h">
         <Option target="mib_module"/>
      </Unit>
      <Unit filename="/home/hoel/Documents/VIVOE-project/openvivoe/mib_module/include/deviceSoftwareVersion.h">
         <Option target="mib_module"/>
      </Unit>
      <Unit filename="/home/hoel/Documents/VIVOE-project/openvivoe/mib_module/include/deviceType.h">
         <Option target="mib_module"/>
      </Unit>
      <Unit filename="/home/hoel/Documents/VIVOE-project/openvivoe/mib_module/include/deviceUserDesc.h">
         <Option target="mib_module"/>
      </Unit>
      <Unit filename="/home/hoel/Documents/VIVOE-project/openvivoe/mib_module/include/ethernetIfIpAddress.h">
         <Option target="mib_module"/>
      </Unit>
      <Unit filename="/home/hoel/Documents/VIVOE-project/openvivoe/mib_module/include/ethernetIfIpAddressConflict.h">
         <Option target="mib_module"/>
      </Unit>
      <Unit filename="/home/hoel/Documents/VIVOE-project/openvivoe/mib_module/include/ethernetIfMacAddress.h">
         <Option target="mib_module"/>
      </Unit>
      <Unit filename="/home/hoel/Documents/VIVOE-project/openvivoe/mib_module/include/ethernetIfNumber.h">
         <Option target="mib_module"/>
      </Unit>
      <Unit filename="/home/hoel/Documents/VIVOE-project/openvivoe/mib_module/include/ethernetIfSpeed.h">
         <Option target="mib_module"/>
      </Unit>
      <Unit filename="/home/hoel/Documents/VIVOE-project/openvivoe/mib_module/include/ethernetIfSubnetMask.h">
         <Option target="mib_module"/>
      </Unit>
      <Unit filename="/home/hoel/Documents/VIVOE-project/openvivoe/mib_module/include/macro.h">
         <Option target="mib_module"/>
      </Unit>
      <Unit filename="/home/hoel/Documents/VIVOE-project/openvivoe/mib_module/src/deviceDesc.c">
         <Option target="mib_module"/>
      </Unit>
      <Unit filename="/home/hoel/Documents/VIVOE-project/openvivoe/mib_module/src/deviceFirmwareVersion.c">
         <Option target="mib_module"/>
      </Unit>
      <Unit filename="/home/hoel/Documents/VIVOE-project/openvivoe/mib_module/src/deviceHardwareVersion.c">
         <Option target="mib_module"/>
      </Unit>
      <Unit filename="/home/hoel/Documents/VIVOE-project/openvivoe/mib_module/src/deviceManufacturer.c">
         <Option target="mib_module"/>
      </Unit>
      <Unit filename="/home/hoel/Documents/VIVOE-project/openvivoe/mib_module/src/deviceMibVersion.c">
         <Option target="mib_module"/>
      </Unit>
      <Unit filename="/home/hoel/Documents/VIVOE-project/openvivoe/mib_module/src/deviceMode.c">
         <Option target="mib_module"/>
      </Unit>
      <Unit filename="/home/hoel/Documents/VIVOE-project/openvivoe/mib_module/src/deviceNatoStockNumber.c">
         <Option target="mib_module"/>
      </Unit>
      <Unit filename="/home/hoel/Documents/VIVOE-project/openvivoe/mib_module/src/devicePartNumber.c">
         <Option target="mib_module"/>
      </Unit>
      <Unit filename="/home/hoel/Documents/VIVOE-project/openvivoe/mib_module/src/deviceReset.c">
         <Option target="mib_module"/>
      </Unit>
      <Unit filename="/home/hoel/Documents/VIVOE-project/openvivoe/mib_module/src/deviceSerialNumber.c">
         <Option target="mib_module"/>
      </Unit>
      <Unit filename="/home/hoel/Documents/VIVOE-project/openvivoe/mib_module/src/deviceSoftwareVersion.c">
         <Option target="mib_module"/>
      </Unit>
      <Unit filename="/home/hoel/Documents/VIVOE-project/openvivoe/mib_module/src/deviceType.c">
         <Option target="mib_module"/>
      </Unit>
      <Unit filename="/home/hoel/Documents/VIVOE-project/openvivoe/mib_module/src/deviceUserDesc.c">
         <Option target="mib_module"/>
      </Unit>
      <Unit filename="/home/hoel/Documents/VIVOE-project/openvivoe/mib_module/src/ethernetIfIpAddress.c">
         <Option target="mib_module"/>
      </Unit>
      <Unit filename="/home/hoel/Documents/VIVOE-project/openvivoe/mib_module/src/ethernetIfIpAddressConflict.c">
         <Option target="mib_module"/>
      </Unit>
      <Unit filename="/home/hoel/Documents/VIVOE-project/openvivoe/mib_module/src/ethernetIfMacAddress.c">
         <Option target="mib_module"/>
      </Unit>
      <Unit filename="/home/hoel/Documents/VIVOE-project/openvivoe/mib_module/src/ethernetIfNumber.c">
         <Option target="mib_module"/>
      </Unit>
      <Unit filename="/home/hoel/Documents/VIVOE-project/openvivoe/mib_module/src/ethernetIfSpeed.c">
         <Option target="mib_module"/>
      </Unit>
      <Unit filename="/home/hoel/Documents/VIVOE-project/openvivoe/mib_module/src/ethernetIfSubnetMask.c">
         <Option target="mib_module"/>
      </Unit>
      <Unit filename="/home/hoel/Documents/VIVOE-project/openvivoe/mib_module/src/main.c">
         <Option target="mib_module"/>
      </Unit>
      <Unit filename="/home/hoel/Documents/VIVOE-project/openvivoe/mib_module/CMakeLists.txt">
          <Option virtualFolder="CMake Files\" />
      </Unit>
   </Project>
</CodeBlocks_project_file>
